
Microsoft Visual Studio Solution File, Format Version 12.00
# Visual Studio Version 17
VisualStudioVersion = 17.7.34031.279
MinimumVisualStudioVersion = 10.0.40219.1
Project("{9A19103F-16F7-4668-BE54-9A1E7A4F7556}") = "TicTacToe", "TicTacToe\TicTacToe.csproj", "{B451BBEA-95D8-442A-AA47-4265ADA44588}"
EndProject
Project("{9A19103F-16F7-4668-BE54-9A1E7A4F7556}") = "TicTacToeLibary", "TicTacToeLibary\TicTacToeLibary.csproj", "{00034B28-E904-40A2-9E30-ABE25D0A6467}"
EndProject
Project("{FAE04EC0-301F-11D3-BF4B-00C04F79EFBC}") = "TicTacToeWeb.Server", "TicTacToeWeb\Server\TicTacToeWeb.Server.csproj", "{D14C0276-14C3-439D-8A52-34407F21861A}"
EndProject
Project("{FAE04EC0-301F-11D3-BF4B-00C04F79EFBC}") = "TicTacToeWeb.Client", "TicTacToeWeb\Client\TicTacToeWeb.Client.csproj", "{98B9E2DC-CF97-466F-8A6F-F812E318DA5A}"
EndProject
Project("{FAE04EC0-301F-11D3-BF4B-00C04F79EFBC}") = "TicTacToeWeb.Shared", "TicTacToeWeb\Shared\TicTacToeWeb.Shared.csproj", "{631C2C03-F9D2-4E9B-BC09-C04740761AFF}"
EndProject
Global
	GlobalSection(SolutionConfigurationPlatforms) = preSolution
		Debug|Any CPU = Debug|Any CPU
		Release|Any CPU = Release|Any CPU
	EndGlobalSection
	GlobalSection(ProjectConfigurationPlatforms) = postSolution
		{B451BBEA-95D8-442A-AA47-4265ADA44588}.Debug|Any CPU.ActiveCfg = Debug|Any CPU
		{B451BBEA-95D8-442A-AA47-4265ADA44588}.Debug|Any CPU.Build.0 = Debug|Any CPU
		{B451BBEA-95D8-442A-AA47-4265ADA44588}.Release|Any CPU.ActiveCfg = Release|Any CPU
		{B451BBEA-95D8-442A-AA47-4265ADA44588}.Release|Any CPU.Build.0 = Release|Any CPU
		{00034B28-E904-40A2-9E30-ABE25D0A6467}.Debug|Any CPU.ActiveCfg = Debug|Any CPU
		{00034B28-E904-40A2-9E30-ABE25D0A6467}.Debug|Any CPU.Build.0 = Debug|Any CPU
		{00034B28-E904-40A2-9E30-ABE25D0A6467}.Release|Any CPU.ActiveCfg = Release|Any CPU
		{00034B28-E904-40A2-9E30-ABE25D0A6467}.Release|Any CPU.Build.0 = Release|Any CPU
		{D14C0276-14C3-439D-8A52-34407F21861A}.Debug|Any CPU.ActiveCfg = Debug|Any CPU
		{D14C0276-14C3-439D-8A52-34407F21861A}.Debug|Any CPU.Build.0 = Debug|Any CPU
		{D14C0276-14C3-439D-8A52-34407F21861A}.Release|Any CPU.ActiveCfg = Release|Any CPU
		{D14C0276-14C3-439D-8A52-34407F21861A}.Release|Any CPU.Build.0 = Release|Any CPU
		{98B9E2DC-CF97-466F-8A6F-F812E318DA5A}.Debug|Any CPU.ActiveCfg = Debug|Any CPU
		{98B9E2DC-CF97-466F-8A6F-F812E318DA5A}.Debug|Any CPU.Build.0 = Debug|Any CPU
		{98B9E2DC-CF97-466F-8A6F-F812E318DA5A}.Release|Any CPU.ActiveCfg = Release|Any CPU
		{98B9E2DC-CF97-466F-8A6F-F812E318DA5A}.Release|Any CPU.Build.0 = Release|Any CPU
		{631C2C03-F9D2-4E9B-BC09-C04740761AFF}.Debug|Any CPU.ActiveCfg = Debug|Any CPU
		{631C2C03-F9D2-4E9B-BC09-C04740761AFF}.Debug|Any CPU.Build.0 = Debug|Any CPU
		{631C2C03-F9D2-4E9B-BC09-C04740761AFF}.Release|Any CPU.ActiveCfg = Release|Any CPU
		{631C2C03-F9D2-4E9B-BC09-C04740761AFF}.Release|Any CPU.Build.0 = Release|Any CPU
	EndGlobalSection
	GlobalSection(SolutionProperties) = preSolution
		HideSolutionNode = FALSE
	EndGlobalSection
	GlobalSection(ExtensibilityGlobals) = postSolution
		SolutionGuid = {34698DD2-225C-4230-B817-E3868B52764B}
	EndGlobalSection
EndGlobal
